// !$*UTF8*$!
{
	archiveVersion = 1;
	classes = {
	};
	objectVersion = 50;
	objects = {

/* Begin PBXBuildFile section */
		8C5161C525703816005D64B8 /* HomeEstimatorApp.swift in Sources */ = {isa = PBXBuildFile; fileRef = 8C5161C425703816005D64B8 /* HomeEstimatorApp.swift */; };
		8C5161C725703816005D64B8 /* ContentView.swift in Sources */ = {isa = PBXBuildFile; fileRef = 8C5161C625703816005D64B8 /* ContentView.swift */; };
		8C5161C925703816005D64B8 /* Assets.xcassets in Resources */ = {isa = PBXBuildFile; fileRef = 8C5161C825703816005D64B8 /* Assets.xcassets */; };
		8C5161CC25703816005D64B8 /* Preview Assets.xcassets in Resources */ = {isa = PBXBuildFile; fileRef = 8C5161CB25703816005D64B8 /* Preview Assets.xcassets */; };
		8C5161CE25703816005D64B8 /* Persistence.swift in Sources */ = {isa = PBXBuildFile; fileRef = 8C5161CD25703816005D64B8 /* Persistence.swift */; };
		8C5161D125703816005D64B8 /* HomeEstimator.xcdatamodeld in Sources */ = {isa = PBXBuildFile; fileRef = 8C5161CF25703816005D64B8 /* HomeEstimator.xcdatamodeld */; };
		8C5161DC25703816005D64B8 /* HomeEstimatorTests.swift in Sources */ = {isa = PBXBuildFile; fileRef = 8C5161DB25703816005D64B8 /* HomeEstimatorTests.swift */; };
		8C5161E725703816005D64B8 /* HomeEstimatorUITests.swift in Sources */ = {isa = PBXBuildFile; fileRef = 8C5161E625703816005D64B8 /* HomeEstimatorUITests.swift */; };
/* End PBXBuildFile section */

/* Begin PBXContainerItemProxy section */
		8C5161D825703816005D64B8 /* PBXContainerItemProxy */ = {
			isa = PBXContainerItemProxy;
			containerPortal = 8C5161B925703816005D64B8 /* Project object */;
			proxyType = 1;
			remoteGlobalIDString = 8C5161C025703816005D64B8;
			remoteInfo = HomeEstimator;
		};
		8C5161E325703816005D64B8 /* PBXContainerItemProxy */ = {
			isa = PBXContainerItemProxy;
			containerPortal = 8C5161B925703816005D64B8 /* Project object */;
			proxyType = 1;
			remoteGlobalIDString = 8C5161C025703816005D64B8;
			remoteInfo = HomeEstimator;
		};
/* End PBXContainerItemProxy section */

/* Begin PBXFileReference section */
		8C5161C125703816005D64B8 /* HomeEstimator.app */ = {isa = PBXFileReference; explicitFileType = wrapper.application; includeInIndex = 0; path = HomeEstimator.app; sourceTree = BUILT_PRODUCTS_DIR; };
		8C5161C425703816005D64B8 /* HomeEstimatorApp.swift */ = {isa = PBXFileReference; lastKnownFileType = sourcecode.swift; path = HomeEstimatorApp.swift; sourceTree = "<group>"; };
		8C5161C625703816005D64B8 /* ContentView.swift */ = {isa = PBXFileReference; lastKnownFileType = sourcecode.swift; path = ContentView.swift; sourceTree = "<group>"; };
		8C5161C825703816005D64B8 /* Assets.xcassets */ = {isa = PBXFileReference; lastKnownFileType = folder.assetcatalog; path = Assets.xcassets; sourceTree = "<group>"; };
		8C5161CB25703816005D64B8 /* Preview Assets.xcassets */ = {isa = PBXFileReference; lastKnownFileType = folder.assetcatalog; path = "Preview Assets.xcassets"; sourceTree = "<group>"; };
		8C5161CD25703816005D64B8 /* Persistence.swift */ = {isa = PBXFileReference; lastKnownFileType = sourcecode.swift; path = Persistence.swift; sourceTree = "<group>"; };
		8C5161D025703816005D64B8 /* HomeEstimator.xcdatamodel */ = {isa = PBXFileReference; lastKnownFileType = wrapper.xcdatamodel; path = HomeEstimator.xcdatamodel; sourceTree = "<group>"; };
		8C5161D225703816005D64B8 /* Info.plist */ = {isa = PBXFileReference; lastKnownFileType = text.plist.xml; path = Info.plist; sourceTree = "<group>"; };
		8C5161D725703816005D64B8 /* HomeEstimatorTests.xctest */ = {isa = PBXFileReference; explicitFileType = wrapper.cfbundle; includeInIndex = 0; path = HomeEstimatorTests.xctest; sourceTree = BUILT_PRODUCTS_DIR; };
		8C5161DB25703816005D64B8 /* HomeEstimatorTests.swift */ = {isa = PBXFileReference; lastKnownFileType = sourcecode.swift; path = HomeEstimatorTests.swift; sourceTree = "<group>"; };
		8C5161DD25703816005D64B8 /* Info.plist */ = {isa = PBXFileReference; lastKnownFileType = text.plist.xml; path = Info.plist; sourceTree = "<group>"; };
		8C5161E225703816005D64B8 /* HomeEstimatorUITests.xctest */ = {isa = PBXFileReference; explicitFileType = wrapper.cfbundle; includeInIndex = 0; path = HomeEstimatorUITests.xctest; sourceTree = BUILT_PRODUCTS_DIR; };
		8C5161E625703816005D64B8 /* HomeEstimatorUITests.swift */ = {isa = PBXFileReference; lastKnownFileType = sourcecode.swift; path = HomeEstimatorUITests.swift; sourceTree = "<group>"; };
		8C5161E825703816005D64B8 /* Info.plist */ = {isa = PBXFileReference; lastKnownFileType = text.plist.xml; path = Info.plist; sourceTree = "<group>"; };
/* End PBXFileReference section */

/* Begin PBXFrameworksBuildPhase section */
		8C5161BE25703816005D64B8 /* Frameworks */ = {
			isa = PBXFrameworksBuildPhase;
			buildActionMask = 2147483647;
			files = (
			);
			runOnlyForDeploymentPostprocessing = 0;
		};
		8C5161D425703816005D64B8 /* Frameworks */ = {
			isa = PBXFrameworksBuildPhase;
			buildActionMask = 2147483647;
			files = (
			);
			runOnlyForDeploymentPostprocessing = 0;
		};
		8C5161DF25703816005D64B8 /* Frameworks */ = {
			isa = PBXFrameworksBuildPhase;
			buildActionMask = 2147483647;
			files = (
			);
			runOnlyForDeploymentPostprocessing = 0;
		};
/* End PBXFrameworksBuildPhase section */

/* Begin PBXGroup section */
		8C5161B825703816005D64B8 = {
			isa = PBXGroup;
			children = (
				8C5161C325703816005D64B8 /* HomeEstimator */,
				8C5161DA25703816005D64B8 /* HomeEstimatorTests */,
				8C5161E525703816005D64B8 /* HomeEstimatorUITests */,
				8C5161C225703816005D64B8 /* Products */,
			);
			sourceTree = "<group>";
		};
		8C5161C225703816005D64B8 /* Products */ = {
			isa = PBXGroup;
			children = (
				8C5161C125703816005D64B8 /* HomeEstimator.app */,
				8C5161D725703816005D64B8 /* HomeEstimatorTests.xctest */,
				8C5161E225703816005D64B8 /* HomeEstimatorUITests.xctest */,
			);
			name = Products;
			sourceTree = "<group>";
		};
		8C5161C325703816005D64B8 /* HomeEstimator */ = {
			isa = PBXGroup;
			children = (
				8C5161C425703816005D64B8 /* HomeEstimatorApp.swift */,
				8C5161C625703816005D64B8 /* ContentView.swift */,
				8C5161C825703816005D64B8 /* Assets.xcassets */,
				8C5161CD25703816005D64B8 /* Persistence.swift */,
				8C5161D225703816005D64B8 /* Info.plist */,
				8C5161CF25703816005D64B8 /* HomeEstimator.xcdatamodeld */,
				8C5161CA25703816005D64B8 /* Preview Content */,
			);
			path = HomeEstimator;
			sourceTree = "<group>";
		};
		8C5161CA25703816005D64B8 /* Preview Content */ = {
			isa = PBXGroup;
			children = (
				8C5161CB25703816005D64B8 /* Preview Assets.xcassets */,
			);
			path = "Preview Content";
			sourceTree = "<group>";
		};
		8C5161DA25703816005D64B8 /* HomeEstimatorTests */ = {
			isa = PBXGroup;
			children = (
				8C5161DB25703816005D64B8 /* HomeEstimatorTests.swift */,
				8C5161DD25703816005D64B8 /* Info.plist */,
			);
			path = HomeEstimatorTests;
			sourceTree = "<group>";
		};
		8C5161E525703816005D64B8 /* HomeEstimatorUITests */ = {
			isa = PBXGroup;
			children = (
				8C5161E625703816005D64B8 /* HomeEstimatorUITests.swift */,
				8C5161E825703816005D64B8 /* Info.plist */,
			);
			path = HomeEstimatorUITests;
			sourceTree = "<group>";
		};
/* End PBXGroup section */

/* Begin PBXNativeTarget section */
		8C5161C025703816005D64B8 /* HomeEstimator */ = {
			isa = PBXNativeTarget;
			buildConfigurationList = 8C5161EB25703816005D64B8 /* Build configuration list for PBXNativeTarget "HomeEstimator" */;
			buildPhases = (
				8C5161BD25703816005D64B8 /* Sources */,
				8C5161BE25703816005D64B8 /* Frameworks */,
				8C5161BF25703816005D64B8 /* Resources */,
			);
			buildRules = (
			);
			dependencies = (
			);
			name = HomeEstimator;
			productName = HomeEstimator;
			productReference = 8C5161C125703816005D64B8 /* HomeEstimator.app */;
			productType = "com.apple.product-type.application";
		};
		8C5161D625703816005D64B8 /* HomeEstimatorTests */ = {
			isa = PBXNativeTarget;
			buildConfigurationList = 8C5161EE25703816005D64B8 /* Build configuration list for PBXNativeTarget "HomeEstimatorTests" */;
			buildPhases = (
				8C5161D325703816005D64B8 /* Sources */,
				8C5161D425703816005D64B8 /* Frameworks */,
				8C5161D525703816005D64B8 /* Resources */,
			);
			buildRules = (
			);
			dependencies = (
				8C5161D925703816005D64B8 /* PBXTargetDependency */,
			);
			name = HomeEstimatorTests;
			productName = HomeEstimatorTests;
			productReference = 8C5161D725703816005D64B8 /* HomeEstimatorTests.xctest */;
			productType = "com.apple.product-type.bundle.unit-test";
		};
		8C5161E125703816005D64B8 /* HomeEstimatorUITests */ = {
			isa = PBXNativeTarget;
			buildConfigurationList = 8C5161F125703816005D64B8 /* Build configuration list for PBXNativeTarget "HomeEstimatorUITests" */;
			buildPhases = (
				8C5161DE25703816005D64B8 /* Sources */,
				8C5161DF25703816005D64B8 /* Frameworks */,
				8C5161E025703816005D64B8 /* Resources */,
			);
			buildRules = (
			);
			dependencies = (
				8C5161E425703816005D64B8 /* PBXTargetDependency */,
			);
			name = HomeEstimatorUITests;
			productName = HomeEstimatorUITests;
			productReference = 8C5161E225703816005D64B8 /* HomeEstimatorUITests.xctest */;
			productType = "com.apple.product-type.bundle.ui-testing";
		};
/* End PBXNativeTarget section */

/* Begin PBXProject section */
		8C5161B925703816005D64B8 /* Project object */ = {
			isa = PBXProject;
			attributes = {
				LastSwiftUpdateCheck = 1220;
				LastUpgradeCheck = 1220;
				TargetAttributes = {
					8C5161C025703816005D64B8 = {
						CreatedOnToolsVersion = 12.2;
					};
					8C5161D625703816005D64B8 = {
						CreatedOnToolsVersion = 12.2;
						TestTargetID = 8C5161C025703816005D64B8;
					};
					8C5161E125703816005D64B8 = {
						CreatedOnToolsVersion = 12.2;
						TestTargetID = 8C5161C025703816005D64B8;
					};
				};
			};
			buildConfigurationList = 8C5161BC25703816005D64B8 /* Build configuration list for PBXProject "HomeEstimator" */;
			compatibilityVersion = "Xcode 9.3";
			developmentRegion = en;
			hasScannedForEncodings = 0;
			knownRegions = (
				en,
				Base,
			);
			mainGroup = 8C5161B825703816005D64B8;
			productRefGroup = 8C5161C225703816005D64B8 /* Products */;
			projectDirPath = "";
			projectRoot = "";
			targets = (
				8C5161C025703816005D64B8 /* HomeEstimator */,
				8C5161D625703816005D64B8 /* HomeEstimatorTests */,
				8C5161E125703816005D64B8 /* HomeEstimatorUITests */,
			);
		};
/* End PBXProject section */

/* Begin PBXResourcesBuildPhase section */
		8C5161BF25703816005D64B8 /* Resources */ = {
			isa = PBXResourcesBuildPhase;
			buildActionMask = 2147483647;
			files = (
				8C5161CC25703816005D64B8 /* Preview Assets.xcassets in Resources */,
				8C5161C925703816005D64B8 /* Assets.xcassets in Resources */,
			);
			runOnlyForDeploymentPostprocessing = 0;
		};
		8C5161D525703816005D64B8 /* Resources */ = {
			isa = PBXResourcesBuildPhase;
			buildActionMask = 2147483647;
			files = (
			);
			runOnlyForDeploymentPostprocessing = 0;
		};
		8C5161E025703816005D64B8 /* Resources */ = {
			isa = PBXResourcesBuildPhase;
			buildActionMask = 2147483647;
			files = (
			);
			runOnlyForDeploymentPostprocessing = 0;
		};
/* End PBXResourcesBuildPhase section */

/* Begin PBXSourcesBuildPhase section */
		8C5161BD25703816005D64B8 /* Sources */ = {
			isa = PBXSourcesBuildPhase;
			buildActionMask = 2147483647;
			files = (
				8C5161CE25703816005D64B8 /* Persistence.swift in Sources */,
				8C5161C725703816005D64B8 /* ContentView.swift in Sources */,
				8C5161C525703816005D64B8 /* HomeEstimatorApp.swift in Sources */,
				8C5161D125703816005D64B8 /* HomeEstimator.xcdatamodeld in Sources */,
			);
			runOnlyForDeploymentPostprocessing = 0;
		};
		8C5161D325703816005D64B8 /* Sources */ = {
			isa = PBXSourcesBuildPhase;
			buildActionMask = 2147483647;
			files = (
				8C5161DC25703816005D64B8 /* HomeEstimatorTests.swift in Sources */,
			);
			runOnlyForDeploymentPostprocessing = 0;
		};
		8C5161DE25703816005D64B8 /* Sources */ = {
			isa = PBXSourcesBuildPhase;
			buildActionMask = 2147483647;
			files = (
				8C5161E725703816005D64B8 /* HomeEstimatorUITests.swift in Sources */,
			);
			runOnlyForDeploymentPostprocessing = 0;
		};
/* End PBXSourcesBuildPhase section */

/* Begin PBXTargetDependency section */
		8C5161D925703816005D64B8 /* PBXTargetDependency */ = {
			isa = PBXTargetDependency;
			target = 8C5161C025703816005D64B8 /* HomeEstimator */;
			targetProxy = 8C5161D825703816005D64B8 /* PBXContainerItemProxy */;
		};
		8C5161E425703816005D64B8 /* PBXTargetDependency */ = {
			isa = PBXTargetDependency;
			target = 8C5161C025703816005D64B8 /* HomeEstimator */;
			targetProxy = 8C5161E325703816005D64B8 /* PBXContainerItemProxy */;
		};
/* End PBXTargetDependency section */

/* Begin XCBuildConfiguration section */
		8C5161E925703816005D64B8 /* Debug */ = {
			isa = XCBuildConfiguration;
			buildSettings = {
				ALWAYS_SEARCH_USER_PATHS = NO;
				CLANG_ANALYZER_NONNULL = YES;
				CLANG_ANALYZER_NUMBER_OBJECT_CONVERSION = YES_AGGRESSIVE;
				CLANG_CXX_LANGUAGE_STANDARD = "gnu++14";
				CLANG_CXX_LIBRARY = "libc++";
				CLANG_ENABLE_MODULES = YES;
				CLANG_ENABLE_OBJC_ARC = YES;
				CLANG_ENABLE_OBJC_WEAK = YES;
				CLANG_WARN_BLOCK_CAPTURE_AUTORELEASING = YES;
				CLANG_WARN_BOOL_CONVERSION = YES;
				CLANG_WARN_COMMA = YES;
				CLANG_WARN_CONSTANT_CONVERSION = YES;
				CLANG_WARN_DEPRECATED_OBJC_IMPLEMENTATIONS = YES;
				CLANG_WARN_DIRECT_OBJC_ISA_USAGE = YES_ERROR;
				CLANG_WARN_DOCUMENTATION_COMMENTS = YES;
				CLANG_WARN_EMPTY_BODY = YES;
				CLANG_WARN_ENUM_CONVERSION = YES;
				CLANG_WARN_INFINITE_RECURSION = YES;
				CLANG_WARN_INT_CONVERSION = YES;
				CLANG_WARN_NON_LITERAL_NULL_CONVERSION = YES;
				CLANG_WARN_OBJC_IMPLICIT_RETAIN_SELF = YES;
				CLANG_WARN_OBJC_LITERAL_CONVERSION = YES;
				CLANG_WARN_OBJC_ROOT_CLASS = YES_ERROR;
				CLANG_WARN_QUOTED_INCLUDE_IN_FRAMEWORK_HEADER = YES;
				CLANG_WARN_RANGE_LOOP_ANALYSIS = YES;
				CLANG_WARN_STRICT_PROTOTYPES = YES;
				CLANG_WARN_SUSPICIOUS_MOVE = YES;
				CLANG_WARN_UNGUARDED_AVAILABILITY = YES_AGGRESSIVE;
				CLANG_WARN_UNREACHABLE_CODE = YES;
				CLANG_WARN__DUPLICATE_METHOD_MATCH = YES;
				COPY_PHASE_STRIP = NO;
				DEBUG_INFORMATION_FORMAT = dwarf;
				ENABLE_STRICT_OBJC_MSGSEND = YES;
				ENABLE_TESTABILITY = YES;
				GCC_C_LANGUAGE_STANDARD = gnu11;
				GCC_DYNAMIC_NO_PIC = NO;
				GCC_NO_COMMON_BLOCKS = YES;
				GCC_OPTIMIZATION_LEVEL = 0;
				GCC_PREPROCESSOR_DEFINITIONS = (
					"DEBUG=1",
					"$(inherited)",
				);
				GCC_WARN_64_TO_32_BIT_CONVERSION = YES;
				GCC_WARN_ABOUT_RETURN_TYPE = YES_ERROR;
				GCC_WARN_UNDECLARED_SELECTOR = YES;
				GCC_WARN_UNINITIALIZED_AUTOS = YES_AGGRESSIVE;
				GCC_WARN_UNUSED_FUNCTION = YES;
				GCC_WARN_UNUSED_VARIABLE = YES;
				IPHONEOS_DEPLOYMENT_TARGET = 14.2;
				MTL_ENABLE_DEBUG_INFO = INCLUDE_SOURCE;
				MTL_FAST_MATH = YES;
				ONLY_ACTIVE_ARCH = YES;
				SDKROOT = iphoneos;
				SWIFT_ACTIVE_COMPILATION_CONDITIONS = DEBUG;
				SWIFT_OPTIMIZATION_LEVEL = "-Onone";
			};
			name = Debug;
		};
		8C5161EA25703816005D64B8 /* Release */ = {
			isa = XCBuildConfiguration;
			buildSettings = {
				ALWAYS_SEARCH_USER_PATHS = NO;
				CLANG_ANALYZER_NONNULL = YES;
				CLANG_ANALYZER_NUMBER_OBJECT_CONVERSION = YES_AGGRESSIVE;
				CLANG_CXX_LANGUAGE_STANDARD = "gnu++14";
				CLANG_CXX_LIBRARY = "libc++";
				CLANG_ENABLE_MODULES = YES;
				CLANG_ENABLE_OBJC_ARC = YES;
				CLANG_ENABLE_OBJC_WEAK = YES;
				CLANG_WARN_BLOCK_CAPTURE_AUTORELEASING = YES;
				CLANG_WARN_BOOL_CONVERSION = YES;
				CLANG_WARN_COMMA = YES;
				CLANG_WARN_CONSTANT_CONVERSION = YES;
				CLANG_WARN_DEPRECATED_OBJC_IMPLEMENTATIONS = YES;
				CLANG_WARN_DIRECT_OBJC_ISA_USAGE = YES_ERROR;
				CLANG_WARN_DOCUMENTATION_COMMENTS = YES;
				CLANG_WARN_EMPTY_BODY = YES;
				CLANG_WARN_ENUM_CONVERSION = YES;
				CLANG_WARN_INFINITE_RECURSION = YES;
				CLANG_WARN_INT_CONVERSION = YES;
				CLANG_WARN_NON_LITERAL_NULL_CONVERSION = YES;
				CLANG_WARN_OBJC_IMPLICIT_RETAIN_SELF = YES;
				CLANG_WARN_OBJC_LITERAL_CONVERSION = YES;
				CLANG_WARN_OBJC_ROOT_CLASS = YES_ERROR;
				CLANG_WARN_QUOTED_INCLUDE_IN_FRAMEWORK_HEADER = YES;
				CLANG_WARN_RANGE_LOOP_ANALYSIS = YES;
				CLANG_WARN_STRICT_PROTOTYPES = YES;
				CLANG_WARN_SUSPICIOUS_MOVE = YES;
				CLANG_WARN_UNGUARDED_AVAILABILITY = YES_AGGRESSIVE;
				CLANG_WARN_UNREACHABLE_CODE = YES;
				CLANG_WARN__DUPLICATE_METHOD_MATCH = YES;
				COPY_PHASE_STRIP = NO;
				DEBUG_INFORMATION_FORMAT = "dwarf-with-dsym";
				ENABLE_NS_ASSERTIONS = NO;
				ENABLE_STRICT_OBJC_MSGSEND = YES;
				GCC_C_LANGUAGE_STANDARD = gnu11;
				GCC_NO_COMMON_BLOCKS = YES;
				GCC_WARN_64_TO_32_BIT_CONVERSION = YES;
				GCC_WARN_ABOUT_RETURN_TYPE = YES_ERROR;
				GCC_WARN_UNDECLARED_SELECTOR = YES;
				GCC_WARN_UNINITIALIZED_AUTOS = YES_AGGRESSIVE;
				GCC_WARN_UNUSED_FUNCTION = YES;
				GCC_WARN_UNUSED_VARIABLE = YES;
				IPHONEOS_DEPLOYMENT_TARGET = 14.2;
				MTL_ENABLE_DEBUG_INFO = NO;
				MTL_FAST_MATH = YES;
				SDKROOT = iphoneos;
				SWIFT_COMPILATION_MODE = wholemodule;
				SWIFT_OPTIMIZATION_LEVEL = "-O";
				VALIDATE_PRODUCT = YES;
			};
			name = Release;
		};
		8C5161EC25703816005D64B8 /* Debug */ = {
			isa = XCBuildConfiguration;
			buildSettings = {
				ASSETCATALOG_COMPILER_APPICON_NAME = AppIcon;
				ASSETCATALOG_COMPILER_GLOBAL_ACCENT_COLOR_NAME = AccentColor;
				CODE_SIGN_STYLE = Automatic;
				DEVELOPMENT_ASSET_PATHS = "\"HomeEstimator/Preview Content\"";
				ENABLE_PREVIEWS = YES;
				INFOPLIST_FILE = HomeEstimator/Info.plist;
				IPHONEOS_DEPLOYMENT_TARGET = 14.0;
				LD_RUNPATH_SEARCH_PATHS = (
					"$(inherited)",
					"@executable_path/Frameworks",
				);
				PRODUCT_BUNDLE_IDENTIFIER = thefluentone.HomeEstimator;
				PRODUCT_NAME = "$(TARGET_NAME)";
				SWIFT_VERSION = 5.0;
				TARGETED_DEVICE_FAMILY = "1,2";
			};
			name = Debug;
		};
		8C5161ED25703816005D64B8 /* Release */ = {
			isa = XCBuildConfiguration;
			buildSettings = {
				ASSETCATALOG_COMPILER_APPICON_NAME = AppIcon;
				ASSETCATALOG_COMPILER_GLOBAL_ACCENT_COLOR_NAME = AccentColor;
				CODE_SIGN_STYLE = Automatic;
				DEVELOPMENT_ASSET_PATHS = "\"HomeEstimator/Preview Content\"";
				ENABLE_PREVIEWS = YES;
				INFOPLIST_FILE = HomeEstimator/Info.plist;
				IPHONEOS_DEPLOYMENT_TARGET = 14.0;
				LD_RUNPATH_SEARCH_PATHS = (
					"$(inherited)",
					"@executable_path/Frameworks",
				);
				PRODUCT_BUNDLE_IDENTIFIER = thefluentone.HomeEstimator;
				PRODUCT_NAME = "$(TARGET_NAME)";
				SWIFT_VERSION = 5.0;
				TARGETED_DEVICE_FAMILY = "1,2";
			};
			name = Release;
		};
		8C5161EF25703816005D64B8 /* Debug */ = {
			isa = XCBuildConfiguration;
			buildSettings = {
				ALWAYS_EMBED_SWIFT_STANDARD_LIBRARIES = YES;
				BUNDLE_LOADER = "$(TEST_HOST)";
				CODE_SIGN_STYLE = Automatic;
				INFOPLIST_FILE = HomeEstimatorTests/Info.plist;
				IPHONEOS_DEPLOYMENT_TARGET = 14.0;
				LD_RUNPATH_SEARCH_PATHS = (
					"$(inherited)",
					"@executable_path/Frameworks",
					"@loader_path/Frameworks",
				);
				PRODUCT_BUNDLE_IDENTIFIER = thefluentone.HomeEstimatorTests;
				PRODUCT_NAME = "$(TARGET_NAME)";
				SWIFT_VERSION = 5.0;
				TARGETED_DEVICE_FAMILY = "1,2";
				TEST_HOST = "$(BUILT_PRODUCTS_DIR)/HomeEstimator.app/HomeEstimator";
			};
			name = Debug;
		};
		8C5161F025703816005D64B8 /* Release */ = {
			isa = XCBuildConfiguration;
			buildSettings = {
				ALWAYS_EMBED_SWIFT_STANDARD_LIBRARIES = YES;
				BUNDLE_LOADER = "$(TEST_HOST)";
				CODE_SIGN_STYLE = Automatic;
				INFOPLIST_FILE = HomeEstimatorTests/Info.plist;
				IPHONEOS_DEPLOYMENT_TARGET = 14.0;
				LD_RUNPATH_SEARCH_PATHS = (
					"$(inherited)",
					"@executable_path/Frameworks",
					"@loader_path/Frameworks",
				);
				PRODUCT_BUNDLE_IDENTIFIER = thefluentone.HomeEstimatorTests;
				PRODUCT_NAME = "$(TARGET_NAME)";
				SWIFT_VERSION = 5.0;
				TARGETED_DEVICE_FAMILY = "1,2";
				TEST_HOST = "$(BUILT_PRODUCTS_DIR)/HomeEstimator.app/HomeEstimator";
			};
			name = Release;
		};
		8C5161F225703816005D64B8 /* Debug */ = {
			isa = XCBuildConfiguration;
			buildSettings = {
				ALWAYS_EMBED_SWIFT_STANDARD_LIBRARIES = YES;
				CODE_SIGN_STYLE = Automatic;
				INFOPLIST_FILE = HomeEstimatorUITests/Info.plist;
				LD_RUNPATH_SEARCH_PATHS = (
					"$(inherited)",
					"@executable_path/Frameworks",
					"@loader_path/Frameworks",
				);
				PRODUCT_BUNDLE_IDENTIFIER = thefluentone.HomeEstimatorUITests;
				PRODUCT_NAME = "$(TARGET_NAME)";
				SWIFT_VERSION = 5.0;
				TARGETED_DEVICE_FAMILY = "1,2";
				TEST_TARGET_NAME = HomeEstimator;
			};
			name = Debug;
		};
		8C5161F325703816005D64B8 /* Release */ = {
			isa = XCBuildConfiguration;
			buildSettings = {
				ALWAYS_EMBED_SWIFT_STANDARD_LIBRARIES = YES;
				CODE_SIGN_STYLE = Automatic;
				INFOPLIST_FILE = HomeEstimatorUITests/Info.plist;
				LD_RUNPATH_SEARCH_PATHS = (
					"$(inherited)",
					"@executable_path/Frameworks",
					"@loader_path/Frameworks",
				);
				PRODUCT_BUNDLE_IDENTIFIER = thefluentone.HomeEstimatorUITests;
				PRODUCT_NAME = "$(TARGET_NAME)";
				SWIFT_VERSION = 5.0;
				TARGETED_DEVICE_FAMILY = "1,2";
				TEST_TARGET_NAME = HomeEstimator;
			};
			name = Release;
		};
/* End XCBuildConfiguration section */

/* Begin XCConfigurationList section */
		8C5161BC25703816005D64B8 /* Build configuration list for PBXProject "HomeEstimator" */ = {
			isa = XCConfigurationList;
			buildConfigurations = (
				8C5161E925703816005D64B8 /* Debug */,
				8C5161EA25703816005D64B8 /* Release */,
			);
			defaultConfigurationIsVisible = 0;
			defaultConfigurationName = Release;
		};
		8C5161EB25703816005D64B8 /* Build configuration list for PBXNativeTarget "HomeEstimator" */ = {
			isa = XCConfigurationList;
			buildConfigurations = (
				8C5161EC25703816005D64B8 /* Debug */,
				8C5161ED25703816005D64B8 /* Release */,
			);
			defaultConfigurationIsVisible = 0;
			defaultConfigurationName = Release;
		};
		8C5161EE25703816005D64B8 /* Build configuration list for PBXNativeTarget "HomeEstimatorTests" */ = {
			isa = XCConfigurationList;
			buildConfigurations = (
				8C5161EF25703816005D64B8 /* Debug */,
				8C5161F025703816005D64B8 /* Release */,
			);
			defaultConfigurationIsVisible = 0;
			defaultConfigurationName = Release;
		};
		8C5161F125703816005D64B8 /* Build configuration list for PBXNativeTarget "HomeEstimatorUITests" */ = {
			isa = XCConfigurationList;
			buildConfigurations = (
				8C5161F225703816005D64B8 /* Debug */,
				8C5161F325703816005D64B8 /* Release */,
			);
			defaultConfigurationIsVisible = 0;
			defaultConfigurationName = Release;
		};
/* End XCConfigurationList section */

/* Begin XCVersionGroup section */
		8C5161CF25703816005D64B8 /* HomeEstimator.xcdatamodeld */ = {
			isa = XCVersionGroup;
			children = (
				8C5161D025703816005D64B8 /* HomeEstimator.xcdatamodel */,
			);
			currentVersion = 8C5161D025703816005D64B8 /* HomeEstimator.xcdatamodel */;
			path = HomeEstimator.xcdatamodeld;
			sourceTree = "<group>";
			versionGroupType = wrapper.xcdatamodel;
		};
/* End XCVersionGroup section */
	};
	rootObject = 8C5161B925703816005D64B8 /* Project object */;
}
